
Microsoft Visual Studio Solution File, Format Version 12.00
# Visual Studio Version 17
VisualStudioVersion = 17.10.35004.147
MinimumVisualStudioVersion = 10.0.40219.1
Project("{9A19103F-16F7-4668-BE54-9A1E7A4F7556}") = "ToysDashboard", "ToysDashboard.csproj", "{1E38297F-5B85-40AC-B3C8-7EF08BB9F0E9}"
EndProject
Project("{9A19103F-16F7-4668-BE54-9A1E7A4F7556}") = "ToysCore", "..\ToysCore\ToysCore.csproj", "{B91C41DF-6FA8-4871-98EB-281A10AB5515}"
EndProject
Global
	GlobalSection(SolutionConfigurationPlatforms) = preSolution
		Debug|Any CPU = Debug|Any CPU
		Release|Any CPU = Release|Any CPU
	EndGlobalSection
	GlobalSection(ProjectConfigurationPlatforms) = postSolution
		{1E38297F-5B85-40AC-B3C8-7EF08BB9F0E9}.Debug|Any CPU.ActiveCfg = Debug|Any CPU
		{1E38297F-5B85-40AC-B3C8-7EF08BB9F0E9}.Debug|Any CPU.Build.0 = Debug|Any CPU
		{1E38297F-5B85-40AC-B3C8-7EF08BB9F0E9}.Release|Any CPU.ActiveCfg = Release|Any CPU
		{1E38297F-5B85-40AC-B3C8-7EF08BB9F0E9}.Release|Any CPU.Build.0 = Release|Any CPU
		{B91C41DF-6FA8-4871-98EB-281A10AB5515}.Debug|Any CPU.ActiveCfg = Debug|Any CPU
		{B91C41DF-6FA8-4871-98EB-281A10AB5515}.Debug|Any CPU.Build.0 = Debug|Any CPU
		{B91C41DF-6FA8-4871-98EB-281A10AB5515}.Release|Any CPU.ActiveCfg = Release|Any CPU
		{B91C41DF-6FA8-4871-98EB-281A10AB5515}.Release|Any CPU.Build.0 = Release|Any CPU
	EndGlobalSection
	GlobalSection(SolutionProperties) = preSolution
		HideSolutionNode = FALSE
	EndGlobalSection
	GlobalSection(ExtensibilityGlobals) = postSolution
		SolutionGuid = {DF3E6B93-11C9-4523-8E53-A099DD34E92C}
	EndGlobalSection
EndGlobal
